
Microsoft Visual Studio Solution File, Format Version 12.00
# Visual Studio Version 16
VisualStudioVersion = 16.0.30011.22
MinimumVisualStudioVersion = 10.0.40219.1
Project("{FAE04EC0-301F-11D3-BF4B-00C04F79EFBC}") = "OrderService", "OrderService.csproj", "{34894806-0E6B-4311-A377-6903D9DA4BC6}"
EndProject
Project("{FAE04EC0-301F-11D3-BF4B-00C04F79EFBC}") = "ServiceCommon", "..\ServiceCommon\ServiceCommon.csproj", "{BCDE7F7E-4778-475E-BFFA-CDC73CEEC918}"
EndProject
Project("{FAE04EC0-301F-11D3-BF4B-00C04F79EFBC}") = "OrderService.UnitTests", "..\OrderService.UnitTests\OrderService.UnitTests.csproj", "{EF646142-1A35-44E8-B26F-302E97DD8AE0}"
EndProject
Global
	GlobalSection(SolutionConfigurationPlatforms) = preSolution
		Debug|Any CPU = Debug|Any CPU
		Release|Any CPU = Release|Any CPU
	EndGlobalSection
	GlobalSection(ProjectConfigurationPlatforms) = postSolution
		{34894806-0E6B-4311-A377-6903D9DA4BC6}.Debug|Any CPU.ActiveCfg = Debug|Any CPU
		{34894806-0E6B-4311-A377-6903D9DA4BC6}.Debug|Any CPU.Build.0 = Debug|Any CPU
		{34894806-0E6B-4311-A377-6903D9DA4BC6}.Release|Any CPU.ActiveCfg = Release|Any CPU
		{34894806-0E6B-4311-A377-6903D9DA4BC6}.Release|Any CPU.Build.0 = Release|Any CPU
		{BCDE7F7E-4778-475E-BFFA-CDC73CEEC918}.Debug|Any CPU.ActiveCfg = Debug|Any CPU
		{BCDE7F7E-4778-475E-BFFA-CDC73CEEC918}.Debug|Any CPU.Build.0 = Debug|Any CPU
		{BCDE7F7E-4778-475E-BFFA-CDC73CEEC918}.Release|Any CPU.ActiveCfg = Release|Any CPU
		{BCDE7F7E-4778-475E-BFFA-CDC73CEEC918}.Release|Any CPU.Build.0 = Release|Any CPU
		{EF646142-1A35-44E8-B26F-302E97DD8AE0}.Debug|Any CPU.ActiveCfg = Debug|Any CPU
		{EF646142-1A35-44E8-B26F-302E97DD8AE0}.Debug|Any CPU.Build.0 = Debug|Any CPU
		{EF646142-1A35-44E8-B26F-302E97DD8AE0}.Release|Any CPU.ActiveCfg = Release|Any CPU
		{EF646142-1A35-44E8-B26F-302E97DD8AE0}.Release|Any CPU.Build.0 = Release|Any CPU
	EndGlobalSection
	GlobalSection(SolutionProperties) = preSolution
		HideSolutionNode = FALSE
	EndGlobalSection
	GlobalSection(ExtensibilityGlobals) = postSolution
		SolutionGuid = {EAEBDF9D-2E84-4401-B36C-E39E9786AA75}
	EndGlobalSection
EndGlobal
