
Microsoft Visual Studio Solution File, Format Version 12.00
# Visual Studio 15
VisualStudioVersion = 15.0.26124.0
MinimumVisualStudioVersion = 15.0.26124.0
Project("{FAE04EC0-301F-11D3-BF4B-00C04F79EFBC}") = "EndToEndTests", "EndToEndTests.csproj", "{45B32E22-6788-452A-812F-C39FF8D53069}"
EndProject
Project("{FAE04EC0-301F-11D3-BF4B-00C04F79EFBC}") = "ServiceCommon", "..\ServiceCommon\ServiceCommon.csproj", "{BBF3BB66-835A-4CDE-9CE9-3F3991333174}"
EndProject
Global
	GlobalSection(SolutionConfigurationPlatforms) = preSolution
		Debug|Any CPU = Debug|Any CPU
		Debug|x64 = Debug|x64
		Debug|x86 = Debug|x86
		Release|Any CPU = Release|Any CPU
		Release|x64 = Release|x64
		Release|x86 = Release|x86
	EndGlobalSection
	GlobalSection(SolutionProperties) = preSolution
		HideSolutionNode = FALSE
	EndGlobalSection
	GlobalSection(ProjectConfigurationPlatforms) = postSolution
		{45B32E22-6788-452A-812F-C39FF8D53069}.Debug|Any CPU.ActiveCfg = Debug|Any CPU
		{45B32E22-6788-452A-812F-C39FF8D53069}.Debug|Any CPU.Build.0 = Debug|Any CPU
		{45B32E22-6788-452A-812F-C39FF8D53069}.Debug|x64.ActiveCfg = Debug|Any CPU
		{45B32E22-6788-452A-812F-C39FF8D53069}.Debug|x64.Build.0 = Debug|Any CPU
		{45B32E22-6788-452A-812F-C39FF8D53069}.Debug|x86.ActiveCfg = Debug|Any CPU
		{45B32E22-6788-452A-812F-C39FF8D53069}.Debug|x86.Build.0 = Debug|Any CPU
		{45B32E22-6788-452A-812F-C39FF8D53069}.Release|Any CPU.ActiveCfg = Release|Any CPU
		{45B32E22-6788-452A-812F-C39FF8D53069}.Release|Any CPU.Build.0 = Release|Any CPU
		{45B32E22-6788-452A-812F-C39FF8D53069}.Release|x64.ActiveCfg = Release|Any CPU
		{45B32E22-6788-452A-812F-C39FF8D53069}.Release|x64.Build.0 = Release|Any CPU
		{45B32E22-6788-452A-812F-C39FF8D53069}.Release|x86.ActiveCfg = Release|Any CPU
		{45B32E22-6788-452A-812F-C39FF8D53069}.Release|x86.Build.0 = Release|Any CPU
		{BBF3BB66-835A-4CDE-9CE9-3F3991333174}.Debug|Any CPU.ActiveCfg = Debug|Any CPU
		{BBF3BB66-835A-4CDE-9CE9-3F3991333174}.Debug|Any CPU.Build.0 = Debug|Any CPU
		{BBF3BB66-835A-4CDE-9CE9-3F3991333174}.Debug|x64.ActiveCfg = Debug|Any CPU
		{BBF3BB66-835A-4CDE-9CE9-3F3991333174}.Debug|x64.Build.0 = Debug|Any CPU
		{BBF3BB66-835A-4CDE-9CE9-3F3991333174}.Debug|x86.ActiveCfg = Debug|Any CPU
		{BBF3BB66-835A-4CDE-9CE9-3F3991333174}.Debug|x86.Build.0 = Debug|Any CPU
		{BBF3BB66-835A-4CDE-9CE9-3F3991333174}.Release|Any CPU.ActiveCfg = Release|Any CPU
		{BBF3BB66-835A-4CDE-9CE9-3F3991333174}.Release|Any CPU.Build.0 = Release|Any CPU
		{BBF3BB66-835A-4CDE-9CE9-3F3991333174}.Release|x64.ActiveCfg = Release|Any CPU
		{BBF3BB66-835A-4CDE-9CE9-3F3991333174}.Release|x64.Build.0 = Release|Any CPU
		{BBF3BB66-835A-4CDE-9CE9-3F3991333174}.Release|x86.ActiveCfg = Release|Any CPU
		{BBF3BB66-835A-4CDE-9CE9-3F3991333174}.Release|x86.Build.0 = Release|Any CPU
	EndGlobalSection
EndGlobal
